{
  "name": "mux",
  "version": "1.0.0",
  "lockfileVersion": 3,
  "requires": true,
  "packages": {
    "": {
      "name": "mux",
      "version": "1.0.0",
      "license": "MIT",
      "dependencies": {
        "@hono/node-server": "^1.19.8",
        "hono": "^4.11.3"
      },
      "engines": {
        "node": ">=18.0.0"
      }
    },
    "node_modules/@hono/node-server": {
      "version": "1.19.8",
      "resolved": "https://registry.npmjs.org/@hono/node-server/-/node-server-1.19.8.tgz",
      "integrity": "sha512-0/g2lIOPzX8f3vzW1ggQgvG5mjtFBDBHFAzI5SFAi2DzSqS9luJwqg9T6O/gKYLi+inS7eNxBeIFkkghIPvrMA==",
      "license": "MIT",
      "engines": {
        "node": ">=18.14.1"
      },
      "peerDependencies": {
        "hono": "^4"
      }
    },
    "node_modules/hono": {
      "version": "4.11.4",
      "resolved": "https://registry.npmjs.org/hono/-/hono-4.11.4.tgz",
      "integrity": "sha512-U7tt8JsyrxSRKspfhtLET79pU8K+tInj5QZXs1jSugO1Vq5dFj3kmZsRldo29mTBfcjDRVRXrEZ6LS63Cog9ZA==",
      "license": "MIT",
      "engines": {
        "node": ">=16.9.0"
      }
    }
  }
}
