{
  "name": "mux",
  "version": "1.0.0",
  "lockfileVersion": 3,
  "requires": true,
  "packages": {
    "": {
      "name": "mux",
      "version": "1.0.0",
      "dependencies": {
        "@hono/node-server": "^1.8.0",
        "dotenv": "^17.2.1",
        "hono": "^4.0.0",
        "playwright": "^1.54.2"
      },
      "engines": {
        "node": ">=18.0.0"
      }
    },
    "node_modules/@hono/node-server": {
      "version": "1.18.1",
      "resolved": "https://registry.npmjs.org/@hono/node-server/-/node-server-1.18.1.tgz",
      "integrity": "sha512-O3puG/b7owYYmoQ2XPBf3SxBz6Dhk5VmWFhbaBU8/5wcUaXUPS0goxaI2Zfyg+Cu14ILJHEU7IFRw7miFxuXxg==",
      "engines": {
        "node": ">=18.14.1"
      },
      "peerDependencies": {
        "hono": "^4"
      }
    },
    "node_modules/dotenv": {
      "version": "17.2.1",
      "resolved": "https://registry.npmjs.org/dotenv/-/dotenv-17.2.1.tgz",
      "integrity": "sha512-kQhDYKZecqnM0fCnzI5eIv5L4cAe/iRI+HqMbO/hbRdTAeXDG+M9FjipUxNfbARuEg4iHIbhnhs78BCHNbSxEQ==",
      "engines": {
        "node": ">=12"
      },
      "funding": {
        "url": "https://dotenvx.com"
      }
    },
    "node_modules/hono": {
      "version": "4.8.12",
      "resolved": "https://registry.npmjs.org/hono/-/hono-4.8.12.tgz",
      "integrity": "sha512-MQSKk1Mg7b74k8l+A025LfysnLtXDKkE4pLaSsYRQC5iy85lgZnuyeQ1Wynair9mmECzoLu+FtJtqNZSoogBDQ==",
      "engines": {
        "node": ">=16.9.0"
      }
    },
    "node_modules/playwright": {
      "version": "1.54.2",
      "resolved": "https://registry.npmjs.org/playwright/-/playwright-1.54.2.tgz",
      "integrity": "sha512-Hu/BMoA1NAdRUuulyvQC0pEqZ4vQbGfn8f7wPXcnqQmM+zct9UliKxsIkLNmz/ku7LElUNqmaiv1TG/aL5ACsw==",
      "dependencies": {
        "playwright-core": "1.54.2"
      },
      "bin": {
        "playwright": "cli.js"
      },
      "engines": {
        "node": ">=18"
      },
      "optionalDependencies": {
        "fsevents": "2.3.2"
      }
    },
    "node_modules/playwright-core": {
      "version": "1.54.2",
      "resolved": "https://registry.npmjs.org/playwright-core/-/playwright-core-1.54.2.tgz",
      "integrity": "sha512-n5r4HFbMmWsB4twG7tJLDN9gmBUeSPcsBZiWSE4DnYz9mJMAFqr2ID7+eGC9kpEnxExJ1epttwR59LEWCk8mtA==",
      "bin": {
        "playwright-core": "cli.js"
      },
      "engines": {
        "node": ">=18"
      }
    },
    "node_modules/playwright/node_modules/fsevents": {
      "version": "2.3.2",
      "resolved": "https://registry.npmjs.org/fsevents/-/fsevents-2.3.2.tgz",
      "integrity": "sha512-xiqMQR4xAeHTuB9uWm+fFRcIOgKBMiOBP+eXiyT7jsgVCq1bkVygt00oASowB7EdtpOHaaPgKt812P9ab+DDKA==",
      "hasInstallScript": true,
      "optional": true,
      "os": [
        "darwin"
      ],
      "engines": {
        "node": "^8.16.0 || ^10.6.0 || >=11.0.0"
      }
    }
  }
}
